{
	"name": "connect-four-readme",
	"lockfileVersion": 3,
	"requires": true,
	"packages": {
		"": {
			"dependencies": {
				"connect-four-ai-wasm": "^1.0.0"
			}
		},
		"node_modules/connect-four-ai-wasm": {
			"version": "1.0.0",
			"resolved": "https://registry.npmjs.org/connect-four-ai-wasm/-/connect-four-ai-wasm-1.0.0.tgz",
			"integrity": "sha512-4kmr2/nATRbtBGvOsgsTaNUDirLh4Y309tIswBZLv3SC/RMLILpv7F//XfhVaZmG14aUNWMy3zetemXHh0eYPA==",
			"license": "MIT"
		}
	}
}
