{
	"name": "connect-four-readme",
	"lockfileVersion": 3,
	"requires": true,
	"packages": {
		"": {
			"dependencies": {
				"connect-four-ai-wasm": "^1.0.0"
			}
		},
		"node_modules/.pnpm/connect-four-ai-wasm@1.0.0/node_modules/connect-four-ai-wasm": {
			"version": "1.0.0",
			"license": "MIT"
		},
		"node_modules/connect-four-ai-wasm": {
			"resolved": "node_modules/.pnpm/connect-four-ai-wasm@1.0.0/node_modules/connect-four-ai-wasm",
			"link": true
		}
	}
}
